// !$*UTF8*$!
{
	archiveVersion = 1;
	classes = {
	};
	objectVersion = 50;
	objects = {

/* Begin PBXBuildFile section */
		698A40BE24F83D2800D2C22A /* AppDelegate.swift in Sources */ = {isa = PBXBuildFile; fileRef = 698A40BD24F83D2800D2C22A /* AppDelegate.swift */; };
		698A40C024F83D2800D2C22A /* SceneDelegate.swift in Sources */ = {isa = PBXBuildFile; fileRef = 698A40BF24F83D2800D2C22A /* SceneDelegate.swift */; };
		698A40C224F83D2800D2C22A /* ViewController.swift in Sources */ = {isa = PBXBuildFile; fileRef = 698A40C124F83D2800D2C22A /* ViewController.swift */; };
		698A40C524F83D2800D2C22A /* Main.storyboard in Resources */ = {isa = PBXBuildFile; fileRef = 698A40C324F83D2800D2C22A /* Main.storyboard */; };
		698A40C724F83D2B00D2C22A /* Assets.xcassets in Resources */ = {isa = PBXBuildFile; fileRef = 698A40C624F83D2B00D2C22A /* Assets.xcassets */; };
		698A40CA24F83D2B00D2C22A /* LaunchScreen.storyboard in Resources */ = {isa = PBXBuildFile; fileRef = 698A40C824F83D2B00D2C22A /* LaunchScreen.storyboard */; };
		698A40DC24F84EF100D2C22A /* SB Maffija - Lasy.mp3 in Resources */ = {isa = PBXBuildFile; fileRef = 698A40D224F84EEE00D2C22A /* SB Maffija - Lasy.mp3 */; };
		698A40DD24F84EF100D2C22A /* SB Maffija - Nie ma raju bez węża.mp3 in Resources */ = {isa = PBXBuildFile; fileRef = 698A40D324F84EEE00D2C22A /* SB Maffija - Nie ma raju bez węża.mp3 */; };
		698A40DE24F84EF100D2C22A /* SB Maffija - Dla sióstr.mp3 in Resources */ = {isa = PBXBuildFile; fileRef = 698A40D424F84EEF00D2C22A /* SB Maffija - Dla sióstr.mp3 */; };
		698A40DF24F84EF100D2C22A /* SB Maffija - Przepis na dzień dobry.mp3 in Resources */ = {isa = PBXBuildFile; fileRef = 698A40D524F84EEF00D2C22A /* SB Maffija - Przepis na dzień dobry.mp3 */; };
		698A40E024F84EF100D2C22A /* SB Maffija - Biorę się w garść.mp3 in Resources */ = {isa = PBXBuildFile; fileRef = 698A40D624F84EEF00D2C22A /* SB Maffija - Biorę się w garść.mp3 */; };
		698A40E124F84EF100D2C22A /* SB Maffija - LTTN.mp3 in Resources */ = {isa = PBXBuildFile; fileRef = 698A40D724F84EEF00D2C22A /* SB Maffija - LTTN.mp3 */; };
		698A40E224F84EF100D2C22A /* SB Maffija - Zimna noc i szybkie auta.mp3 in Resources */ = {isa = PBXBuildFile; fileRef = 698A40D824F84EF000D2C22A /* SB Maffija - Zimna noc i szybkie auta.mp3 */; };
		698A40E324F84EF100D2C22A /* SB Maffija - ZNOWU RAZEM.mp3 in Resources */ = {isa = PBXBuildFile; fileRef = 698A40D924F84EF000D2C22A /* SB Maffija - ZNOWU RAZEM.mp3 */; };
		698A40E424F84EF100D2C22A /* SB Maffija - A nie pamiętasz jak.mp3 in Resources */ = {isa = PBXBuildFile; fileRef = 698A40DA24F84EF100D2C22A /* SB Maffija - A nie pamiętasz jak.mp3 */; };
		698A40E524F84EF100D2C22A /* SB Maffija - Hotel Maffija.mp3 in Resources */ = {isa = PBXBuildFile; fileRef = 698A40DB24F84EF100D2C22A /* SB Maffija - Hotel Maffija.mp3 */; };
/* End PBXBuildFile section */

/* Begin PBXFileReference section */
		698A40BA24F83D2800D2C22A /* HotelMaffija.app */ = {isa = PBXFileReference; explicitFileType = wrapper.application; includeInIndex = 0; path = HotelMaffija.app; sourceTree = BUILT_PRODUCTS_DIR; };
		698A40BD24F83D2800D2C22A /* AppDelegate.swift */ = {isa = PBXFileReference; lastKnownFileType = sourcecode.swift; path = AppDelegate.swift; sourceTree = "<group>"; };
		698A40BF24F83D2800D2C22A /* SceneDelegate.swift */ = {isa = PBXFileReference; lastKnownFileType = sourcecode.swift; path = SceneDelegate.swift; sourceTree = "<group>"; };
		698A40C124F83D2800D2C22A /* ViewController.swift */ = {isa = PBXFileReference; lastKnownFileType = sourcecode.swift; path = ViewController.swift; sourceTree = "<group>"; };
		698A40C424F83D2800D2C22A /* Base */ = {isa = PBXFileReference; lastKnownFileType = file.storyboard; name = Base; path = Base.lproj/Main.storyboard; sourceTree = "<group>"; };
		698A40C624F83D2B00D2C22A /* Assets.xcassets */ = {isa = PBXFileReference; lastKnownFileType = folder.assetcatalog; path = Assets.xcassets; sourceTree = "<group>"; };
		698A40C924F83D2B00D2C22A /* Base */ = {isa = PBXFileReference; lastKnownFileType = file.storyboard; name = Base; path = Base.lproj/LaunchScreen.storyboard; sourceTree = "<group>"; };
		698A40CB24F83D2B00D2C22A /* Info.plist */ = {isa = PBXFileReference; lastKnownFileType = text.plist.xml; path = Info.plist; sourceTree = "<group>"; };
		698A40D224F84EEE00D2C22A /* SB Maffija - Lasy.mp3 */ = {isa = PBXFileReference; lastKnownFileType = audio.mp3; path = "SB Maffija - Lasy.mp3"; sourceTree = "<group>"; };
		698A40D324F84EEE00D2C22A /* SB Maffija - Nie ma raju bez węża.mp3 */ = {isa = PBXFileReference; lastKnownFileType = audio.mp3; path = "SB Maffija - Nie ma raju bez węża.mp3"; sourceTree = "<group>"; };
		698A40D424F84EEF00D2C22A /* SB Maffija - Dla sióstr.mp3 */ = {isa = PBXFileReference; lastKnownFileType = audio.mp3; path = "SB Maffija - Dla sióstr.mp3"; sourceTree = "<group>"; };
		698A40D524F84EEF00D2C22A /* SB Maffija - Przepis na dzień dobry.mp3 */ = {isa = PBXFileReference; lastKnownFileType = audio.mp3; path = "SB Maffija - Przepis na dzień dobry.mp3"; sourceTree = "<group>"; };
		698A40D624F84EEF00D2C22A /* SB Maffija - Biorę się w garść.mp3 */ = {isa = PBXFileReference; lastKnownFileType = audio.mp3; path = "SB Maffija - Biorę się w garść.mp3"; sourceTree = "<group>"; };
		698A40D724F84EEF00D2C22A /* SB Maffija - LTTN.mp3 */ = {isa = PBXFileReference; lastKnownFileType = audio.mp3; path = "SB Maffija - LTTN.mp3"; sourceTree = "<group>"; };
		698A40D824F84EF000D2C22A /* SB Maffija - Zimna noc i szybkie auta.mp3 */ = {isa = PBXFileReference; lastKnownFileType = audio.mp3; path = "SB Maffija - Zimna noc i szybkie auta.mp3"; sourceTree = "<group>"; };
		698A40D924F84EF000D2C22A /* SB Maffija - ZNOWU RAZEM.mp3 */ = {isa = PBXFileReference; lastKnownFileType = audio.mp3; path = "SB Maffija - ZNOWU RAZEM.mp3"; sourceTree = "<group>"; };
		698A40DA24F84EF100D2C22A /* SB Maffija - A nie pamiętasz jak.mp3 */ = {isa = PBXFileReference; lastKnownFileType = audio.mp3; path = "SB Maffija - A nie pamiętasz jak.mp3"; sourceTree = "<group>"; };
		698A40DB24F84EF100D2C22A /* SB Maffija - Hotel Maffija.mp3 */ = {isa = PBXFileReference; lastKnownFileType = audio.mp3; path = "SB Maffija - Hotel Maffija.mp3"; sourceTree = "<group>"; };
/* End PBXFileReference section */

/* Begin PBXFrameworksBuildPhase section */
		698A40B724F83D2800D2C22A /* Frameworks */ = {
			isa = PBXFrameworksBuildPhase;
			buildActionMask = 2147483647;
			files = (
			);
			runOnlyForDeploymentPostprocessing = 0;
		};
/* End PBXFrameworksBuildPhase section */

/* Begin PBXGroup section */
		698A40B124F83D2800D2C22A = {
			isa = PBXGroup;
			children = (
				698A40BC24F83D2800D2C22A /* HotelMaffija */,
				698A40BB24F83D2800D2C22A /* Products */,
			);
			sourceTree = "<group>";
		};
		698A40BB24F83D2800D2C22A /* Products */ = {
			isa = PBXGroup;
			children = (
				698A40BA24F83D2800D2C22A /* HotelMaffija.app */,
			);
			name = Products;
			sourceTree = "<group>";
		};
		698A40BC24F83D2800D2C22A /* HotelMaffija */ = {
			isa = PBXGroup;
			children = (
				698A40BD24F83D2800D2C22A /* AppDelegate.swift */,
				698A40BF24F83D2800D2C22A /* SceneDelegate.swift */,
				698A40C124F83D2800D2C22A /* ViewController.swift */,
				698A40C324F83D2800D2C22A /* Main.storyboard */,
				698A40C624F83D2B00D2C22A /* Assets.xcassets */,
				698A40C824F83D2B00D2C22A /* LaunchScreen.storyboard */,
				698A40CB24F83D2B00D2C22A /* Info.plist */,
				698A40D124F84EA200D2C22A /* Sounds */,
			);
			path = HotelMaffija;
			sourceTree = "<group>";
		};
		698A40D124F84EA200D2C22A /* Sounds */ = {
			isa = PBXGroup;
			children = (
				698A40DA24F84EF100D2C22A /* SB Maffija - A nie pamiętasz jak.mp3 */,
				698A40D624F84EEF00D2C22A /* SB Maffija - Biorę się w garść.mp3 */,
				698A40D424F84EEF00D2C22A /* SB Maffija - Dla sióstr.mp3 */,
				698A40DB24F84EF100D2C22A /* SB Maffija - Hotel Maffija.mp3 */,
				698A40D224F84EEE00D2C22A /* SB Maffija - Lasy.mp3 */,
				698A40D724F84EEF00D2C22A /* SB Maffija - LTTN.mp3 */,
				698A40D324F84EEE00D2C22A /* SB Maffija - Nie ma raju bez węża.mp3 */,
				698A40D524F84EEF00D2C22A /* SB Maffija - Przepis na dzień dobry.mp3 */,
				698A40D824F84EF000D2C22A /* SB Maffija - Zimna noc i szybkie auta.mp3 */,
				698A40D924F84EF000D2C22A /* SB Maffija - ZNOWU RAZEM.mp3 */,
			);
			path = Sounds;
			sourceTree = "<group>";
		};
/* End PBXGroup section */

/* Begin PBXNativeTarget section */
		698A40B924F83D2800D2C22A /* HotelMaffija */ = {
			isa = PBXNativeTarget;
			buildConfigurationList = 698A40CE24F83D2B00D2C22A /* Build configuration list for PBXNativeTarget "HotelMaffija" */;
			buildPhases = (
				698A40B624F83D2800D2C22A /* Sources */,
				698A40B724F83D2800D2C22A /* Frameworks */,
				698A40B824F83D2800D2C22A /* Resources */,
			);
			buildRules = (
			);
			dependencies = (
			);
			name = HotelMaffija;
			productName = HotelMaffija;
			productReference = 698A40BA24F83D2800D2C22A /* HotelMaffija.app */;
			productType = "com.apple.product-type.application";
		};
/* End PBXNativeTarget section */

/* Begin PBXProject section */
		698A40B224F83D2800D2C22A /* Project object */ = {
			isa = PBXProject;
			attributes = {
				LastSwiftUpdateCheck = 1140;
				LastUpgradeCheck = 1140;
				ORGANIZATIONNAME = "Mateusz Uszyński";
				TargetAttributes = {
					698A40B924F83D2800D2C22A = {
						CreatedOnToolsVersion = 11.4.1;
					};
				};
			};
			buildConfigurationList = 698A40B524F83D2800D2C22A /* Build configuration list for PBXProject "HotelMaffija" */;
			compatibilityVersion = "Xcode 9.3";
			developmentRegion = en;
			hasScannedForEncodings = 0;
			knownRegions = (
				en,
				Base,
			);
			mainGroup = 698A40B124F83D2800D2C22A;
			productRefGroup = 698A40BB24F83D2800D2C22A /* Products */;
			projectDirPath = "";
			projectRoot = "";
			targets = (
				698A40B924F83D2800D2C22A /* HotelMaffija */,
			);
		};
/* End PBXProject section */

/* Begin PBXResourcesBuildPhase section */
		698A40B824F83D2800D2C22A /* Resources */ = {
			isa = PBXResourcesBuildPhase;
			buildActionMask = 2147483647;
			files = (
				698A40E524F84EF100D2C22A /* SB Maffija - Hotel Maffija.mp3 in Resources */,
				698A40E424F84EF100D2C22A /* SB Maffija - A nie pamiętasz jak.mp3 in Resources */,
				698A40DC24F84EF100D2C22A /* SB Maffija - Lasy.mp3 in Resources */,
				698A40CA24F83D2B00D2C22A /* LaunchScreen.storyboard in Resources */,
				698A40C724F83D2B00D2C22A /* Assets.xcassets in Resources */,
				698A40E124F84EF100D2C22A /* SB Maffija - LTTN.mp3 in Resources */,
				698A40E324F84EF100D2C22A /* SB Maffija - ZNOWU RAZEM.mp3 in Resources */,
				698A40DD24F84EF100D2C22A /* SB Maffija - Nie ma raju bez węża.mp3 in Resources */,
				698A40DE24F84EF100D2C22A /* SB Maffija - Dla sióstr.mp3 in Resources */,
				698A40DF24F84EF100D2C22A /* SB Maffija - Przepis na dzień dobry.mp3 in Resources */,
				698A40E224F84EF100D2C22A /* SB Maffija - Zimna noc i szybkie auta.mp3 in Resources */,
				698A40C524F83D2800D2C22A /* Main.storyboard in Resources */,
				698A40E024F84EF100D2C22A /* SB Maffija - Biorę się w garść.mp3 in Resources */,
			);
			runOnlyForDeploymentPostprocessing = 0;
		};
/* End PBXResourcesBuildPhase section */

/* Begin PBXSourcesBuildPhase section */
		698A40B624F83D2800D2C22A /* Sources */ = {
			isa = PBXSourcesBuildPhase;
			buildActionMask = 2147483647;
			files = (
				698A40C224F83D2800D2C22A /* ViewController.swift in Sources */,
				698A40BE24F83D2800D2C22A /* AppDelegate.swift in Sources */,
				698A40C024F83D2800D2C22A /* SceneDelegate.swift in Sources */,
			);
			runOnlyForDeploymentPostprocessing = 0;
		};
/* End PBXSourcesBuildPhase section */

/* Begin PBXVariantGroup section */
		698A40C324F83D2800D2C22A /* Main.storyboard */ = {
			isa = PBXVariantGroup;
			children = (
				698A40C424F83D2800D2C22A /* Base */,
			);
			name = Main.storyboard;
			sourceTree = "<group>";
		};
		698A40C824F83D2B00D2C22A /* LaunchScreen.storyboard */ = {
			isa = PBXVariantGroup;
			children = (
				698A40C924F83D2B00D2C22A /* Base */,
			);
			name = LaunchScreen.storyboard;
			sourceTree = "<group>";
		};
/* End PBXVariantGroup section */

/* Begin XCBuildConfiguration section */
		698A40CC24F83D2B00D2C22A /* Debug */ = {
			isa = XCBuildConfiguration;
			buildSettings = {
				ALWAYS_SEARCH_USER_PATHS = NO;
				CLANG_ANALYZER_NONNULL = YES;
				CLANG_ANALYZER_NUMBER_OBJECT_CONVERSION = YES_AGGRESSIVE;
				CLANG_CXX_LANGUAGE_STANDARD = "gnu++14";
				CLANG_CXX_LIBRARY = "libc++";
				CLANG_ENABLE_MODULES = YES;
				CLANG_ENABLE_OBJC_ARC = YES;
				CLANG_ENABLE_OBJC_WEAK = YES;
				CLANG_WARN_BLOCK_CAPTURE_AUTORELEASING = YES;
				CLANG_WARN_BOOL_CONVERSION = YES;
				CLANG_WARN_COMMA = YES;
				CLANG_WARN_CONSTANT_CONVERSION = YES;
				CLANG_WARN_DEPRECATED_OBJC_IMPLEMENTATIONS = YES;
				CLANG_WARN_DIRECT_OBJC_ISA_USAGE = YES_ERROR;
				CLANG_WARN_DOCUMENTATION_COMMENTS = YES;
				CLANG_WARN_EMPTY_BODY = YES;
				CLANG_WARN_ENUM_CONVERSION = YES;
				CLANG_WARN_INFINITE_RECURSION = YES;
				CLANG_WARN_INT_CONVERSION = YES;
				CLANG_WARN_NON_LITERAL_NULL_CONVERSION = YES;
				CLANG_WARN_OBJC_IMPLICIT_RETAIN_SELF = YES;
				CLANG_WARN_OBJC_LITERAL_CONVERSION = YES;
				CLANG_WARN_OBJC_ROOT_CLASS = YES_ERROR;
				CLANG_WARN_RANGE_LOOP_ANALYSIS = YES;
				CLANG_WARN_STRICT_PROTOTYPES = YES;
				CLANG_WARN_SUSPICIOUS_MOVE = YES;
				CLANG_WARN_UNGUARDED_AVAILABILITY = YES_AGGRESSIVE;
				CLANG_WARN_UNREACHABLE_CODE = YES;
				CLANG_WARN__DUPLICATE_METHOD_MATCH = YES;
				COPY_PHASE_STRIP = NO;
				DEBUG_INFORMATION_FORMAT = dwarf;
				ENABLE_STRICT_OBJC_MSGSEND = YES;
				ENABLE_TESTABILITY = YES;
				GCC_C_LANGUAGE_STANDARD = gnu11;
				GCC_DYNAMIC_NO_PIC = NO;
				GCC_NO_COMMON_BLOCKS = YES;
				GCC_OPTIMIZATION_LEVEL = 0;
				GCC_PREPROCESSOR_DEFINITIONS = (
					"DEBUG=1",
					"$(inherited)",
				);
				GCC_WARN_64_TO_32_BIT_CONVERSION = YES;
				GCC_WARN_ABOUT_RETURN_TYPE = YES_ERROR;
				GCC_WARN_UNDECLARED_SELECTOR = YES;
				GCC_WARN_UNINITIALIZED_AUTOS = YES_AGGRESSIVE;
				GCC_WARN_UNUSED_FUNCTION = YES;
				GCC_WARN_UNUSED_VARIABLE = YES;
				IPHONEOS_DEPLOYMENT_TARGET = 13.4;
				MTL_ENABLE_DEBUG_INFO = INCLUDE_SOURCE;
				MTL_FAST_MATH = YES;
				ONLY_ACTIVE_ARCH = YES;
				SDKROOT = iphoneos;
				SWIFT_ACTIVE_COMPILATION_CONDITIONS = DEBUG;
				SWIFT_OPTIMIZATION_LEVEL = "-Onone";
			};
			name = Debug;
		};
		698A40CD24F83D2B00D2C22A /* Release */ = {
			isa = XCBuildConfiguration;
			buildSettings = {
				ALWAYS_SEARCH_USER_PATHS = NO;
				CLANG_ANALYZER_NONNULL = YES;
				CLANG_ANALYZER_NUMBER_OBJECT_CONVERSION = YES_AGGRESSIVE;
				CLANG_CXX_LANGUAGE_STANDARD = "gnu++14";
				CLANG_CXX_LIBRARY = "libc++";
				CLANG_ENABLE_MODULES = YES;
				CLANG_ENABLE_OBJC_ARC = YES;
				CLANG_ENABLE_OBJC_WEAK = YES;
				CLANG_WARN_BLOCK_CAPTURE_AUTORELEASING = YES;
				CLANG_WARN_BOOL_CONVERSION = YES;
				CLANG_WARN_COMMA = YES;
				CLANG_WARN_CONSTANT_CONVERSION = YES;
				CLANG_WARN_DEPRECATED_OBJC_IMPLEMENTATIONS = YES;
				CLANG_WARN_DIRECT_OBJC_ISA_USAGE = YES_ERROR;
				CLANG_WARN_DOCUMENTATION_COMMENTS = YES;
				CLANG_WARN_EMPTY_BODY = YES;
				CLANG_WARN_ENUM_CONVERSION = YES;
				CLANG_WARN_INFINITE_RECURSION = YES;
				CLANG_WARN_INT_CONVERSION = YES;
				CLANG_WARN_NON_LITERAL_NULL_CONVERSION = YES;
				CLANG_WARN_OBJC_IMPLICIT_RETAIN_SELF = YES;
				CLANG_WARN_OBJC_LITERAL_CONVERSION = YES;
				CLANG_WARN_OBJC_ROOT_CLASS = YES_ERROR;
				CLANG_WARN_RANGE_LOOP_ANALYSIS = YES;
				CLANG_WARN_STRICT_PROTOTYPES = YES;
				CLANG_WARN_SUSPICIOUS_MOVE = YES;
				CLANG_WARN_UNGUARDED_AVAILABILITY = YES_AGGRESSIVE;
				CLANG_WARN_UNREACHABLE_CODE = YES;
				CLANG_WARN__DUPLICATE_METHOD_MATCH = YES;
				COPY_PHASE_STRIP = NO;
				DEBUG_INFORMATION_FORMAT = "dwarf-with-dsym";
				ENABLE_NS_ASSERTIONS = NO;
				ENABLE_STRICT_OBJC_MSGSEND = YES;
				GCC_C_LANGUAGE_STANDARD = gnu11;
				GCC_NO_COMMON_BLOCKS = YES;
				GCC_WARN_64_TO_32_BIT_CONVERSION = YES;
				GCC_WARN_ABOUT_RETURN_TYPE = YES_ERROR;
				GCC_WARN_UNDECLARED_SELECTOR = YES;
				GCC_WARN_UNINITIALIZED_AUTOS = YES_AGGRESSIVE;
				GCC_WARN_UNUSED_FUNCTION = YES;
				GCC_WARN_UNUSED_VARIABLE = YES;
				IPHONEOS_DEPLOYMENT_TARGET = 13.4;
				MTL_ENABLE_DEBUG_INFO = NO;
				MTL_FAST_MATH = YES;
				SDKROOT = iphoneos;
				SWIFT_COMPILATION_MODE = wholemodule;
				SWIFT_OPTIMIZATION_LEVEL = "-O";
				VALIDATE_PRODUCT = YES;
			};
			name = Release;
		};
		698A40CF24F83D2B00D2C22A /* Debug */ = {
			isa = XCBuildConfiguration;
			buildSettings = {
				ASSETCATALOG_COMPILER_APPICON_NAME = AppIcon;
				CODE_SIGN_STYLE = Automatic;
				DEVELOPMENT_TEAM = 527W4K2LG5;
				INFOPLIST_FILE = HotelMaffija/Info.plist;
				LD_RUNPATH_SEARCH_PATHS = (
					"$(inherited)",
					"@executable_path/Frameworks",
				);
				PRODUCT_BUNDLE_IDENTIFIER = uszynskimateusz.HotelMaffija;
				PRODUCT_NAME = "$(TARGET_NAME)";
				SWIFT_VERSION = 5.0;
				TARGETED_DEVICE_FAMILY = "1,2";
			};
			name = Debug;
		};
		698A40D024F83D2B00D2C22A /* Release */ = {
			isa = XCBuildConfiguration;
			buildSettings = {
				ASSETCATALOG_COMPILER_APPICON_NAME = AppIcon;
				CODE_SIGN_STYLE = Automatic;
				DEVELOPMENT_TEAM = 527W4K2LG5;
				INFOPLIST_FILE = HotelMaffija/Info.plist;
				LD_RUNPATH_SEARCH_PATHS = (
					"$(inherited)",
					"@executable_path/Frameworks",
				);
				PRODUCT_BUNDLE_IDENTIFIER = uszynskimateusz.HotelMaffija;
				PRODUCT_NAME = "$(TARGET_NAME)";
				SWIFT_VERSION = 5.0;
				TARGETED_DEVICE_FAMILY = "1,2";
			};
			name = Release;
		};
/* End XCBuildConfiguration section */

/* Begin XCConfigurationList section */
		698A40B524F83D2800D2C22A /* Build configuration list for PBXProject "HotelMaffija" */ = {
			isa = XCConfigurationList;
			buildConfigurations = (
				698A40CC24F83D2B00D2C22A /* Debug */,
				698A40CD24F83D2B00D2C22A /* Release */,
			);
			defaultConfigurationIsVisible = 0;
			defaultConfigurationName = Release;
		};
		698A40CE24F83D2B00D2C22A /* Build configuration list for PBXNativeTarget "HotelMaffija" */ = {
			isa = XCConfigurationList;
			buildConfigurations = (
				698A40CF24F83D2B00D2C22A /* Debug */,
				698A40D024F83D2B00D2C22A /* Release */,
			);
			defaultConfigurationIsVisible = 0;
			defaultConfigurationName = Release;
		};
/* End XCConfigurationList section */
	};
	rootObject = 698A40B224F83D2800D2C22A /* Project object */;
}
